
Microsoft Visual Studio Solution File, Format Version 12.00
# Visual Studio Version 17
VisualStudioVersion = 17.14.36109.1 d17.14
MinimumVisualStudioVersion = 10.0.40219.1
Project("{FAE04EC0-301F-11D3-BF4B-00C04F79EFBC}") = "EikonApi", "EikonApi\EikonApi.csproj", "{5A4E238D-FB1E-4E05-9DB6-0ACF194722CA}"
EndProject
Global
	GlobalSection(SolutionConfigurationPlatforms) = preSolution
		Debug|Any CPU = Debug|Any CPU
		Release|Any CPU = Release|Any CPU
	EndGlobalSection
	GlobalSection(ProjectConfigurationPlatforms) = postSolution
		{5A4E238D-FB1E-4E05-9DB6-0ACF194722CA}.Debug|Any CPU.ActiveCfg = Debug|Any CPU
		{5A4E238D-FB1E-4E05-9DB6-0ACF194722CA}.Debug|Any CPU.Build.0 = Debug|Any CPU
		{5A4E238D-FB1E-4E05-9DB6-0ACF194722CA}.Release|Any CPU.ActiveCfg = Release|Any CPU
		{5A4E238D-FB1E-4E05-9DB6-0ACF194722CA}.Release|Any CPU.Build.0 = Release|Any CPU
	EndGlobalSection
	GlobalSection(SolutionProperties) = preSolution
		HideSolutionNode = FALSE
	EndGlobalSection
	GlobalSection(ExtensibilityGlobals) = postSolution
		SolutionGuid = {EADBF824-A6BE-48B3-82A2-B9DC8944DAE9}
	EndGlobalSection
EndGlobal
